
Microsoft Visual Studio Solution File, Format Version 12.00
# Visual Studio Version 17
VisualStudioVersion = 17.8.34408.163
MinimumVisualStudioVersion = 10.0.40219.1
Project("{8BC9CEB8-8B4A-11D0-8D11-00A0C91BC942}") = "ejercicio 0", "ejercicio 0.vcxproj", "{419E29B7-FCD8-4C4B-A2E7-B9739FC966AC}"
EndProject
Global
	GlobalSection(SolutionConfigurationPlatforms) = preSolution
		Debug|x64 = Debug|x64
		Debug|x86 = Debug|x86
		Release|x64 = Release|x64
		Release|x86 = Release|x86
	EndGlobalSection
	GlobalSection(ProjectConfigurationPlatforms) = postSolution
		{419E29B7-FCD8-4C4B-A2E7-B9739FC966AC}.Debug|x64.ActiveCfg = Debug|x64
		{419E29B7-FCD8-4C4B-A2E7-B9739FC966AC}.Debug|x64.Build.0 = Debug|x64
		{419E29B7-FCD8-4C4B-A2E7-B9739FC966AC}.Debug|x86.ActiveCfg = Debug|Win32
		{419E29B7-FCD8-4C4B-A2E7-B9739FC966AC}.Debug|x86.Build.0 = Debug|Win32
		{419E29B7-FCD8-4C4B-A2E7-B9739FC966AC}.Release|x64.ActiveCfg = Release|x64
		{419E29B7-FCD8-4C4B-A2E7-B9739FC966AC}.Release|x64.Build.0 = Release|x64
		{419E29B7-FCD8-4C4B-A2E7-B9739FC966AC}.Release|x86.ActiveCfg = Release|Win32
		{419E29B7-FCD8-4C4B-A2E7-B9739FC966AC}.Release|x86.Build.0 = Release|Win32
	EndGlobalSection
	GlobalSection(SolutionProperties) = preSolution
		HideSolutionNode = FALSE
	EndGlobalSection
	GlobalSection(ExtensibilityGlobals) = postSolution
		SolutionGuid = {9C4269C0-DA5D-4B98-BEFD-828C0DF648ED}
	EndGlobalSection
EndGlobal
